
Microsoft Visual Studio Solution File, Format Version 12.00
# Visual Studio Version 17
VisualStudioVersion = 17.0.32802.463
MinimumVisualStudioVersion = 10.0.40219.1
Project("{2150E333-8FDC-42A3-9474-1A3956D46DE8}") = "src", "src", "{130679A8-6F55-46DE-9A69-84209D4D8B03}"
EndProject
Project("{2150E333-8FDC-42A3-9474-1A3956D46DE8}") = "Core", "Core", "{B70DBDA7-A655-4188-8DF7-A78D342AD668}"
EndProject
Project("{2150E333-8FDC-42A3-9474-1A3956D46DE8}") = "Infrastructure", "Infrastructure", "{FE9C1D91-D10E-4B92-8968-05B47FE7E320}"
EndProject
Project("{2150E333-8FDC-42A3-9474-1A3956D46DE8}") = "Presentation", "Presentation", "{54034114-DBD3-4C0C-9EED-6F575CDDEE63}"
EndProject
Project("{2150E333-8FDC-42A3-9474-1A3956D46DE8}") = "Common", "Common", "{8B460995-CBC9-498A-A944-C73BEE4B8973}"
EndProject
Project("{2150E333-8FDC-42A3-9474-1A3956D46DE8}") = "Api", "Api", "{D84E2462-CAA2-422F-9892-FD563278AFE8}"
EndProject
Project("{2150E333-8FDC-42A3-9474-1A3956D46DE8}") = "Clients", "Clients", "{E7B5C068-EF85-4542-8F34-79699C9D5881}"
EndProject
Project("{2150E333-8FDC-42A3-9474-1A3956D46DE8}") = "Projections", "Projections", "{5C8A20CC-79FE-4FF2-AD2A-DD5C87867097}"
EndProject
Project("{9A19103F-16F7-4668-BE54-9A1E7A4F7556}") = "Core.Application", "src\Common\Core.Application\Core.Application.csproj", "{6E1AE8A4-550D-47BB-B65B-C6608BEF9189}"
EndProject
Project("{9A19103F-16F7-4668-BE54-9A1E7A4F7556}") = "Core.CrossCuttingConcerns", "src\Common\Core.CrossCuttingConcers\Core.CrossCuttingConcerns.csproj", "{2B660F25-7E65-48DB-89C9-FA7643EE8719}"
EndProject
Project("{9A19103F-16F7-4668-BE54-9A1E7A4F7556}") = "Core.ElasticSearch", "src\Common\Core.ElasticSearch\Core.ElasticSearch.csproj", "{FAABC2CA-A5DC-41E4-96B3-3025AB88DC23}"
EndProject
Project("{9A19103F-16F7-4668-BE54-9A1E7A4F7556}") = "Core.Infrastructure", "src\Common\Core.Infrastructure\Core.Infrastructure.csproj", "{74853F12-0F9D-4B8B-8DD9-9476FF412872}"
EndProject
Project("{9A19103F-16F7-4668-BE54-9A1E7A4F7556}") = "Core.Mailing", "src\Common\Core.Mailing\Core.Mailing.csproj", "{85DD9B26-0973-4E08-87D8-CF6B9AF14F34}"
EndProject
Project("{9A19103F-16F7-4668-BE54-9A1E7A4F7556}") = "Core.Persistence", "src\Common\Core.Persistence\Core.Persistence.csproj", "{191FDD01-38B0-4409-8D8C-0A8C1F527ABF}"
EndProject
Project("{9A19103F-16F7-4668-BE54-9A1E7A4F7556}") = "Core.Security", "src\Common\Core.Security\Core.Security.csproj", "{0CC69DE5-168A-46F8-8FAF-D4492769743B}"
EndProject
Project("{FAE04EC0-301F-11D3-BF4B-00C04F79EFBC}") = "Kodlama.io.Devs.Api.Application", "src\Api\Core\Kodlama.io.Devs.Api.Application\Kodlama.io.Devs.Api.Application.csproj", "{F291F3F0-4629-4A59-B569-7D25DCE512A9}"
EndProject
Project("{FAE04EC0-301F-11D3-BF4B-00C04F79EFBC}") = "Kodlama.io.Devs.Api.Domain", "src\Api\Core\Kodlama.io.Devs.Api.Domain\Kodlama.io.Devs.Api.Domain.csproj", "{BD06C18E-8A6D-45EA-A1E2-E5370E41D76F}"
EndProject
Project("{FAE04EC0-301F-11D3-BF4B-00C04F79EFBC}") = "Kodlama.io.Devs.Infrastructure", "src\Api\Infrastructure\Kodlama.io.Devs.Infrastructure\Kodlama.io.Devs.Infrastructure.csproj", "{5463BE21-6D4A-4C95-B7EF-D92FB0E40948}"
EndProject
Project("{FAE04EC0-301F-11D3-BF4B-00C04F79EFBC}") = "Kodlama.io.Devs.Persistence", "src\Api\Infrastructure\Kodlama.io.Devs.Persistence\Kodlama.io.Devs.Persistence.csproj", "{488DBA68-328F-4384-922C-BDB0063C4FE3}"
EndProject
Project("{FAE04EC0-301F-11D3-BF4B-00C04F79EFBC}") = "Kodlama.io.Devs.WebAPI", "src\Api\Presentation\Kodlama.io.Devs.WebAPI\Kodlama.io.Devs.WebAPI.csproj", "{9C80B4B1-0A36-4CDE-9AA1-367BEA1C0C50}"
EndProject
Global
	GlobalSection(SolutionConfigurationPlatforms) = preSolution
		Debug|Any CPU = Debug|Any CPU
		Release|Any CPU = Release|Any CPU
	EndGlobalSection
	GlobalSection(ProjectConfigurationPlatforms) = postSolution
		{6E1AE8A4-550D-47BB-B65B-C6608BEF9189}.Debug|Any CPU.ActiveCfg = Debug|Any CPU
		{6E1AE8A4-550D-47BB-B65B-C6608BEF9189}.Debug|Any CPU.Build.0 = Debug|Any CPU
		{6E1AE8A4-550D-47BB-B65B-C6608BEF9189}.Release|Any CPU.ActiveCfg = Release|Any CPU
		{6E1AE8A4-550D-47BB-B65B-C6608BEF9189}.Release|Any CPU.Build.0 = Release|Any CPU
		{2B660F25-7E65-48DB-89C9-FA7643EE8719}.Debug|Any CPU.ActiveCfg = Debug|Any CPU
		{2B660F25-7E65-48DB-89C9-FA7643EE8719}.Debug|Any CPU.Build.0 = Debug|Any CPU
		{2B660F25-7E65-48DB-89C9-FA7643EE8719}.Release|Any CPU.ActiveCfg = Release|Any CPU
		{2B660F25-7E65-48DB-89C9-FA7643EE8719}.Release|Any CPU.Build.0 = Release|Any CPU
		{FAABC2CA-A5DC-41E4-96B3-3025AB88DC23}.Debug|Any CPU.ActiveCfg = Debug|Any CPU
		{FAABC2CA-A5DC-41E4-96B3-3025AB88DC23}.Debug|Any CPU.Build.0 = Debug|Any CPU
		{FAABC2CA-A5DC-41E4-96B3-3025AB88DC23}.Release|Any CPU.ActiveCfg = Release|Any CPU
		{FAABC2CA-A5DC-41E4-96B3-3025AB88DC23}.Release|Any CPU.Build.0 = Release|Any CPU
		{74853F12-0F9D-4B8B-8DD9-9476FF412872}.Debug|Any CPU.ActiveCfg = Debug|Any CPU
		{74853F12-0F9D-4B8B-8DD9-9476FF412872}.Debug|Any CPU.Build.0 = Debug|Any CPU
		{74853F12-0F9D-4B8B-8DD9-9476FF412872}.Release|Any CPU.ActiveCfg = Release|Any CPU
		{74853F12-0F9D-4B8B-8DD9-9476FF412872}.Release|Any CPU.Build.0 = Release|Any CPU
		{85DD9B26-0973-4E08-87D8-CF6B9AF14F34}.Debug|Any CPU.ActiveCfg = Debug|Any CPU
		{85DD9B26-0973-4E08-87D8-CF6B9AF14F34}.Debug|Any CPU.Build.0 = Debug|Any CPU
		{85DD9B26-0973-4E08-87D8-CF6B9AF14F34}.Release|Any CPU.ActiveCfg = Release|Any CPU
		{85DD9B26-0973-4E08-87D8-CF6B9AF14F34}.Release|Any CPU.Build.0 = Release|Any CPU
		{191FDD01-38B0-4409-8D8C-0A8C1F527ABF}.Debug|Any CPU.ActiveCfg = Debug|Any CPU
		{191FDD01-38B0-4409-8D8C-0A8C1F527ABF}.Debug|Any CPU.Build.0 = Debug|Any CPU
		{191FDD01-38B0-4409-8D8C-0A8C1F527ABF}.Release|Any CPU.ActiveCfg = Release|Any CPU
		{191FDD01-38B0-4409-8D8C-0A8C1F527ABF}.Release|Any CPU.Build.0 = Release|Any CPU
		{0CC69DE5-168A-46F8-8FAF-D4492769743B}.Debug|Any CPU.ActiveCfg = Debug|Any CPU
		{0CC69DE5-168A-46F8-8FAF-D4492769743B}.Debug|Any CPU.Build.0 = Debug|Any CPU
		{0CC69DE5-168A-46F8-8FAF-D4492769743B}.Release|Any CPU.ActiveCfg = Release|Any CPU
		{0CC69DE5-168A-46F8-8FAF-D4492769743B}.Release|Any CPU.Build.0 = Release|Any CPU
		{F291F3F0-4629-4A59-B569-7D25DCE512A9}.Debug|Any CPU.ActiveCfg = Debug|Any CPU
		{F291F3F0-4629-4A59-B569-7D25DCE512A9}.Debug|Any CPU.Build.0 = Debug|Any CPU
		{F291F3F0-4629-4A59-B569-7D25DCE512A9}.Release|Any CPU.ActiveCfg = Release|Any CPU
		{F291F3F0-4629-4A59-B569-7D25DCE512A9}.Release|Any CPU.Build.0 = Release|Any CPU
		{BD06C18E-8A6D-45EA-A1E2-E5370E41D76F}.Debug|Any CPU.ActiveCfg = Debug|Any CPU
		{BD06C18E-8A6D-45EA-A1E2-E5370E41D76F}.Debug|Any CPU.Build.0 = Debug|Any CPU
		{BD06C18E-8A6D-45EA-A1E2-E5370E41D76F}.Release|Any CPU.ActiveCfg = Release|Any CPU
		{BD06C18E-8A6D-45EA-A1E2-E5370E41D76F}.Release|Any CPU.Build.0 = Release|Any CPU
		{5463BE21-6D4A-4C95-B7EF-D92FB0E40948}.Debug|Any CPU.ActiveCfg = Debug|Any CPU
		{5463BE21-6D4A-4C95-B7EF-D92FB0E40948}.Debug|Any CPU.Build.0 = Debug|Any CPU
		{5463BE21-6D4A-4C95-B7EF-D92FB0E40948}.Release|Any CPU.ActiveCfg = Release|Any CPU
		{5463BE21-6D4A-4C95-B7EF-D92FB0E40948}.Release|Any CPU.Build.0 = Release|Any CPU
		{488DBA68-328F-4384-922C-BDB0063C4FE3}.Debug|Any CPU.ActiveCfg = Debug|Any CPU
		{488DBA68-328F-4384-922C-BDB0063C4FE3}.Debug|Any CPU.Build.0 = Debug|Any CPU
		{488DBA68-328F-4384-922C-BDB0063C4FE3}.Release|Any CPU.ActiveCfg = Release|Any CPU
		{488DBA68-328F-4384-922C-BDB0063C4FE3}.Release|Any CPU.Build.0 = Release|Any CPU
		{9C80B4B1-0A36-4CDE-9AA1-367BEA1C0C50}.Debug|Any CPU.ActiveCfg = Debug|Any CPU
		{9C80B4B1-0A36-4CDE-9AA1-367BEA1C0C50}.Debug|Any CPU.Build.0 = Debug|Any CPU
		{9C80B4B1-0A36-4CDE-9AA1-367BEA1C0C50}.Release|Any CPU.ActiveCfg = Release|Any CPU
		{9C80B4B1-0A36-4CDE-9AA1-367BEA1C0C50}.Release|Any CPU.Build.0 = Release|Any CPU
	EndGlobalSection
	GlobalSection(SolutionProperties) = preSolution
		HideSolutionNode = FALSE
	EndGlobalSection
	GlobalSection(NestedProjects) = preSolution
		{B70DBDA7-A655-4188-8DF7-A78D342AD668} = {D84E2462-CAA2-422F-9892-FD563278AFE8}
		{FE9C1D91-D10E-4B92-8968-05B47FE7E320} = {D84E2462-CAA2-422F-9892-FD563278AFE8}
		{54034114-DBD3-4C0C-9EED-6F575CDDEE63} = {D84E2462-CAA2-422F-9892-FD563278AFE8}
		{8B460995-CBC9-498A-A944-C73BEE4B8973} = {130679A8-6F55-46DE-9A69-84209D4D8B03}
		{D84E2462-CAA2-422F-9892-FD563278AFE8} = {130679A8-6F55-46DE-9A69-84209D4D8B03}
		{E7B5C068-EF85-4542-8F34-79699C9D5881} = {130679A8-6F55-46DE-9A69-84209D4D8B03}
		{5C8A20CC-79FE-4FF2-AD2A-DD5C87867097} = {130679A8-6F55-46DE-9A69-84209D4D8B03}
		{6E1AE8A4-550D-47BB-B65B-C6608BEF9189} = {8B460995-CBC9-498A-A944-C73BEE4B8973}
		{2B660F25-7E65-48DB-89C9-FA7643EE8719} = {8B460995-CBC9-498A-A944-C73BEE4B8973}
		{FAABC2CA-A5DC-41E4-96B3-3025AB88DC23} = {8B460995-CBC9-498A-A944-C73BEE4B8973}
		{74853F12-0F9D-4B8B-8DD9-9476FF412872} = {8B460995-CBC9-498A-A944-C73BEE4B8973}
		{85DD9B26-0973-4E08-87D8-CF6B9AF14F34} = {8B460995-CBC9-498A-A944-C73BEE4B8973}
		{191FDD01-38B0-4409-8D8C-0A8C1F527ABF} = {8B460995-CBC9-498A-A944-C73BEE4B8973}
		{0CC69DE5-168A-46F8-8FAF-D4492769743B} = {8B460995-CBC9-498A-A944-C73BEE4B8973}
		{F291F3F0-4629-4A59-B569-7D25DCE512A9} = {B70DBDA7-A655-4188-8DF7-A78D342AD668}
		{BD06C18E-8A6D-45EA-A1E2-E5370E41D76F} = {B70DBDA7-A655-4188-8DF7-A78D342AD668}
		{5463BE21-6D4A-4C95-B7EF-D92FB0E40948} = {FE9C1D91-D10E-4B92-8968-05B47FE7E320}
		{488DBA68-328F-4384-922C-BDB0063C4FE3} = {FE9C1D91-D10E-4B92-8968-05B47FE7E320}
		{9C80B4B1-0A36-4CDE-9AA1-367BEA1C0C50} = {54034114-DBD3-4C0C-9EED-6F575CDDEE63}
	EndGlobalSection
	GlobalSection(ExtensibilityGlobals) = postSolution
		SolutionGuid = {B35DE020-3EF8-43AC-BF6F-3C69E71BF615}
	EndGlobalSection
EndGlobal
